
Microsoft Visual Studio Solution File, Format Version 12.00
# Visual Studio Version 17
VisualStudioVersion = 17.1.32210.238
MinimumVisualStudioVersion = 10.0.40219.1
Project("{FAE04EC0-301F-11D3-BF4B-00C04F79EFBC}") = "for_loop_exp", "for_loop_exp\for_loop_exp.csproj", "{0A6BBBED-D912-45ED-B2BA-19C4EBD2D353}"
EndProject
Global
	GlobalSection(SolutionConfigurationPlatforms) = preSolution
		Debug|Any CPU = Debug|Any CPU
		Release|Any CPU = Release|Any CPU
	EndGlobalSection
	GlobalSection(ProjectConfigurationPlatforms) = postSolution
		{0A6BBBED-D912-45ED-B2BA-19C4EBD2D353}.Debug|Any CPU.ActiveCfg = Debug|Any CPU
		{0A6BBBED-D912-45ED-B2BA-19C4EBD2D353}.Debug|Any CPU.Build.0 = Debug|Any CPU
		{0A6BBBED-D912-45ED-B2BA-19C4EBD2D353}.Release|Any CPU.ActiveCfg = Release|Any CPU
		{0A6BBBED-D912-45ED-B2BA-19C4EBD2D353}.Release|Any CPU.Build.0 = Release|Any CPU
	EndGlobalSection
	GlobalSection(SolutionProperties) = preSolution
		HideSolutionNode = FALSE
	EndGlobalSection
	GlobalSection(ExtensibilityGlobals) = postSolution
		SolutionGuid = {1ADFCBCD-151D-4A32-A1B1-026718F1FA45}
	EndGlobalSection
EndGlobal
