
Microsoft Visual Studio Solution File, Format Version 12.00
# Visual Studio Version 17
VisualStudioVersion = 17.1.32210.238
MinimumVisualStudioVersion = 10.0.40219.1
Project("{FAE04EC0-301F-11D3-BF4B-00C04F79EFBC}") = "get_data_from_user", "get_data_from_user\get_data_from_user.csproj", "{7F6D3093-F229-407B-9CD8-86238CDC3C9E}"
EndProject
Global
	GlobalSection(SolutionConfigurationPlatforms) = preSolution
		Debug|Any CPU = Debug|Any CPU
		Release|Any CPU = Release|Any CPU
	EndGlobalSection
	GlobalSection(ProjectConfigurationPlatforms) = postSolution
		{7F6D3093-F229-407B-9CD8-86238CDC3C9E}.Debug|Any CPU.ActiveCfg = Debug|Any CPU
		{7F6D3093-F229-407B-9CD8-86238CDC3C9E}.Debug|Any CPU.Build.0 = Debug|Any CPU
		{7F6D3093-F229-407B-9CD8-86238CDC3C9E}.Release|Any CPU.ActiveCfg = Release|Any CPU
		{7F6D3093-F229-407B-9CD8-86238CDC3C9E}.Release|Any CPU.Build.0 = Release|Any CPU
	EndGlobalSection
	GlobalSection(SolutionProperties) = preSolution
		HideSolutionNode = FALSE
	EndGlobalSection
	GlobalSection(ExtensibilityGlobals) = postSolution
		SolutionGuid = {AFC8E67B-0AB3-45DE-B647-FB9E237997E2}
	EndGlobalSection
EndGlobal
