
Microsoft Visual Studio Solution File, Format Version 12.00
# Visual Studio Version 17
VisualStudioVersion = 17.1.32210.238
MinimumVisualStudioVersion = 10.0.40219.1
Project("{FAE04EC0-301F-11D3-BF4B-00C04F79EFBC}") = "for_loop_exp_4", "for_loop_exp_4\for_loop_exp_4.csproj", "{989B711D-218F-4854-81B2-FA7AB9D2C762}"
EndProject
Global
	GlobalSection(SolutionConfigurationPlatforms) = preSolution
		Debug|Any CPU = Debug|Any CPU
		Release|Any CPU = Release|Any CPU
	EndGlobalSection
	GlobalSection(ProjectConfigurationPlatforms) = postSolution
		{989B711D-218F-4854-81B2-FA7AB9D2C762}.Debug|Any CPU.ActiveCfg = Debug|Any CPU
		{989B711D-218F-4854-81B2-FA7AB9D2C762}.Debug|Any CPU.Build.0 = Debug|Any CPU
		{989B711D-218F-4854-81B2-FA7AB9D2C762}.Release|Any CPU.ActiveCfg = Release|Any CPU
		{989B711D-218F-4854-81B2-FA7AB9D2C762}.Release|Any CPU.Build.0 = Release|Any CPU
	EndGlobalSection
	GlobalSection(SolutionProperties) = preSolution
		HideSolutionNode = FALSE
	EndGlobalSection
	GlobalSection(ExtensibilityGlobals) = postSolution
		SolutionGuid = {821366E3-3A36-460B-AE59-BB848EE5BD01}
	EndGlobalSection
EndGlobal
