
Microsoft Visual Studio Solution File, Format Version 12.00
# Visual Studio Version 17
VisualStudioVersion = 17.1.32210.238
MinimumVisualStudioVersion = 10.0.40219.1
Project("{FAE04EC0-301F-11D3-BF4B-00C04F79EFBC}") = "bool_data_type", "bool_data_type\bool_data_type.csproj", "{3CC39FD8-D611-4C06-9C73-5D5678CB260A}"
EndProject
Global
	GlobalSection(SolutionConfigurationPlatforms) = preSolution
		Debug|Any CPU = Debug|Any CPU
		Release|Any CPU = Release|Any CPU
	EndGlobalSection
	GlobalSection(ProjectConfigurationPlatforms) = postSolution
		{3CC39FD8-D611-4C06-9C73-5D5678CB260A}.Debug|Any CPU.ActiveCfg = Debug|Any CPU
		{3CC39FD8-D611-4C06-9C73-5D5678CB260A}.Debug|Any CPU.Build.0 = Debug|Any CPU
		{3CC39FD8-D611-4C06-9C73-5D5678CB260A}.Release|Any CPU.ActiveCfg = Release|Any CPU
		{3CC39FD8-D611-4C06-9C73-5D5678CB260A}.Release|Any CPU.Build.0 = Release|Any CPU
	EndGlobalSection
	GlobalSection(SolutionProperties) = preSolution
		HideSolutionNode = FALSE
	EndGlobalSection
	GlobalSection(ExtensibilityGlobals) = postSolution
		SolutionGuid = {2C2D652D-5E3F-43B3-A8AB-677378ACB055}
	EndGlobalSection
EndGlobal
