
Microsoft Visual Studio Solution File, Format Version 12.00
# Visual Studio Version 17
VisualStudioVersion = 17.1.32210.238
MinimumVisualStudioVersion = 10.0.40219.1
Project("{FAE04EC0-301F-11D3-BF4B-00C04F79EFBC}") = "faktöriyel_bulma", "faktöriyel_bulma\faktöriyel_bulma.csproj", "{A508D601-5FAE-4B92-AC33-C9CBCB887482}"
EndProject
Global
	GlobalSection(SolutionConfigurationPlatforms) = preSolution
		Debug|Any CPU = Debug|Any CPU
		Release|Any CPU = Release|Any CPU
	EndGlobalSection
	GlobalSection(ProjectConfigurationPlatforms) = postSolution
		{A508D601-5FAE-4B92-AC33-C9CBCB887482}.Debug|Any CPU.ActiveCfg = Debug|Any CPU
		{A508D601-5FAE-4B92-AC33-C9CBCB887482}.Debug|Any CPU.Build.0 = Debug|Any CPU
		{A508D601-5FAE-4B92-AC33-C9CBCB887482}.Release|Any CPU.ActiveCfg = Release|Any CPU
		{A508D601-5FAE-4B92-AC33-C9CBCB887482}.Release|Any CPU.Build.0 = Release|Any CPU
	EndGlobalSection
	GlobalSection(SolutionProperties) = preSolution
		HideSolutionNode = FALSE
	EndGlobalSection
	GlobalSection(ExtensibilityGlobals) = postSolution
		SolutionGuid = {EFF3FB0A-8743-49EA-B30D-F8E16446931B}
	EndGlobalSection
EndGlobal
